// !$*UTF8*$!
{
	archiveVersion = 1;
	classes = {
	};
	objectVersion = 51;
	objects = {

/* Begin PBXBuildFile section */
		9539414825868996002A0202 /* AppDelegate.swift in Sources */ = {isa = PBXBuildFile; fileRef = 9539414725868996002A0202 /* AppDelegate.swift */; };
		9539414A25868996002A0202 /* SceneDelegate.swift in Sources */ = {isa = PBXBuildFile; fileRef = 9539414925868996002A0202 /* SceneDelegate.swift */; };
		9539414C25868996002A0202 /* ViewController.swift in Sources */ = {isa = PBXBuildFile; fileRef = 9539414B25868996002A0202 /* ViewController.swift */; };
		9539414F25868996002A0202 /* Main.storyboard in Resources */ = {isa = PBXBuildFile; fileRef = 9539414D25868996002A0202 /* Main.storyboard */; };
		9539415425868998002A0202 /* LaunchScreen.storyboard in Resources */ = {isa = PBXBuildFile; fileRef = 9539415225868998002A0202 /* LaunchScreen.storyboard */; };
		9539416325868A49002A0202 /* CalendarViewController.swift in Sources */ = {isa = PBXBuildFile; fileRef = 9539416225868A49002A0202 /* CalendarViewController.swift */; };
		9539416625868A5E002A0202 /* EditExerciseViewController.swift in Sources */ = {isa = PBXBuildFile; fileRef = 9539416525868A5E002A0202 /* EditExerciseViewController.swift */; };
		9539416925868A6E002A0202 /* EditWorkoutController.swift in Sources */ = {isa = PBXBuildFile; fileRef = 9539416825868A6E002A0202 /* EditWorkoutController.swift */; };
		9539416C25868A78002A0202 /* Exercise.swift in Sources */ = {isa = PBXBuildFile; fileRef = 9539416B25868A78002A0202 /* Exercise.swift */; };
		9539416F25868A90002A0202 /* ExerciseTableViewCell.swift in Sources */ = {isa = PBXBuildFile; fileRef = 9539416E25868A90002A0202 /* ExerciseTableViewCell.swift */; };
		9539417225868A99002A0202 /* ExerciseViewController.swift in Sources */ = {isa = PBXBuildFile; fileRef = 9539417125868A99002A0202 /* ExerciseViewController.swift */; };
		9539417525868AA3002A0202 /* NewWorkoutCollectionViewCell.swift in Sources */ = {isa = PBXBuildFile; fileRef = 9539417425868AA3002A0202 /* NewWorkoutCollectionViewCell.swift */; };
		9539417825868AAB002A0202 /* NewWorkoutViewController.swift in Sources */ = {isa = PBXBuildFile; fileRef = 9539417725868AAB002A0202 /* NewWorkoutViewController.swift */; };
		9539417B25868AB3002A0202 /* TabBarController.swift in Sources */ = {isa = PBXBuildFile; fileRef = 9539417A25868AB3002A0202 /* TabBarController.swift */; };
		9539418125868ACA002A0202 /* WorkoutCollectionViewCell.swift in Sources */ = {isa = PBXBuildFile; fileRef = 9539418025868ACA002A0202 /* WorkoutCollectionViewCell.swift */; };
		9539418425868AD2002A0202 /* WorkoutViewController.swift in Sources */ = {isa = PBXBuildFile; fileRef = 9539418325868AD2002A0202 /* WorkoutViewController.swift */; };
		9539418725868F0C002A0202 /* LogWorkoutViewController.swift in Sources */ = {isa = PBXBuildFile; fileRef = 9539418625868F0C002A0202 /* LogWorkoutViewController.swift */; };
		95E85B5F2586CCE000B1DD03 /* NetworkManager.swift in Sources */ = {isa = PBXBuildFile; fileRef = 95E85B5E2586CCE000B1DD03 /* NetworkManager.swift */; };
		AAEB26CE2586DB32000DB61E /* Workout.swift in Sources */ = {isa = PBXBuildFile; fileRef = AAEB26CD2586DB32000DB61E /* Workout.swift */; };
		B72324862A6E893DD00CCF44 /* Pods_WorkoutApp.framework in Frameworks */ = {isa = PBXBuildFile; fileRef = D5F0D29F67A6D8859D6B5960 /* Pods_WorkoutApp.framework */; };
		ECDDAFFC2587CD4300F97373 /* ExpandedExercise.swift in Sources */ = {isa = PBXBuildFile; fileRef = ECDDAFFB2587CD4300F97373 /* ExpandedExercise.swift */; };
		ECDDAFFF2587CD8600F97373 /* WorkoutViewTableViewCell.swift in Sources */ = {isa = PBXBuildFile; fileRef = ECDDAFFE2587CD8600F97373 /* WorkoutViewTableViewCell.swift */; };
		ECDDB0022587CEE400F97373 /* Assets.xcassets in Resources */ = {isa = PBXBuildFile; fileRef = ECDDB0012587CEE400F97373 /* Assets.xcassets */; };
/* End PBXBuildFile section */

/* Begin PBXFileReference section */
		8B2D9804C7A4DF8CA8C657C7 /* Pods-WorkoutApp.debug.xcconfig */ = {isa = PBXFileReference; includeInIndex = 1; lastKnownFileType = text.xcconfig; name = "Pods-WorkoutApp.debug.xcconfig"; path = "Target Support Files/Pods-WorkoutApp/Pods-WorkoutApp.debug.xcconfig"; sourceTree = "<group>"; };
		9539414425868996002A0202 /* WorkoutApp.app */ = {isa = PBXFileReference; explicitFileType = wrapper.application; includeInIndex = 0; path = WorkoutApp.app; sourceTree = BUILT_PRODUCTS_DIR; };
		9539414725868996002A0202 /* AppDelegate.swift */ = {isa = PBXFileReference; lastKnownFileType = sourcecode.swift; path = AppDelegate.swift; sourceTree = "<group>"; };
		9539414925868996002A0202 /* SceneDelegate.swift */ = {isa = PBXFileReference; lastKnownFileType = sourcecode.swift; path = SceneDelegate.swift; sourceTree = "<group>"; };
		9539414B25868996002A0202 /* ViewController.swift */ = {isa = PBXFileReference; lastKnownFileType = sourcecode.swift; path = ViewController.swift; sourceTree = "<group>"; };
		9539414E25868996002A0202 /* Base */ = {isa = PBXFileReference; lastKnownFileType = file.storyboard; name = Base; path = Base.lproj/Main.storyboard; sourceTree = "<group>"; };
		9539415325868998002A0202 /* Base */ = {isa = PBXFileReference; lastKnownFileType = file.storyboard; name = Base; path = Base.lproj/LaunchScreen.storyboard; sourceTree = "<group>"; };
		9539415525868998002A0202 /* Info.plist */ = {isa = PBXFileReference; lastKnownFileType = text.plist.xml; path = Info.plist; sourceTree = "<group>"; };
		9539416225868A49002A0202 /* CalendarViewController.swift */ = {isa = PBXFileReference; lastKnownFileType = sourcecode.swift; path = CalendarViewController.swift; sourceTree = "<group>"; };
		9539416525868A5E002A0202 /* EditExerciseViewController.swift */ = {isa = PBXFileReference; lastKnownFileType = sourcecode.swift; path = EditExerciseViewController.swift; sourceTree = "<group>"; };
		9539416825868A6E002A0202 /* EditWorkoutController.swift */ = {isa = PBXFileReference; lastKnownFileType = sourcecode.swift; path = EditWorkoutController.swift; sourceTree = "<group>"; };
		9539416B25868A78002A0202 /* Exercise.swift */ = {isa = PBXFileReference; lastKnownFileType = sourcecode.swift; path = Exercise.swift; sourceTree = "<group>"; };
		9539416E25868A90002A0202 /* ExerciseTableViewCell.swift */ = {isa = PBXFileReference; lastKnownFileType = sourcecode.swift; path = ExerciseTableViewCell.swift; sourceTree = "<group>"; };
		9539417125868A99002A0202 /* ExerciseViewController.swift */ = {isa = PBXFileReference; lastKnownFileType = sourcecode.swift; path = ExerciseViewController.swift; sourceTree = "<group>"; };
		9539417425868AA3002A0202 /* NewWorkoutCollectionViewCell.swift */ = {isa = PBXFileReference; lastKnownFileType = sourcecode.swift; path = NewWorkoutCollectionViewCell.swift; sourceTree = "<group>"; };
		9539417725868AAB002A0202 /* NewWorkoutViewController.swift */ = {isa = PBXFileReference; lastKnownFileType = sourcecode.swift; path = NewWorkoutViewController.swift; sourceTree = "<group>"; };
		9539417A25868AB3002A0202 /* TabBarController.swift */ = {isa = PBXFileReference; lastKnownFileType = sourcecode.swift; path = TabBarController.swift; sourceTree = "<group>"; };
		9539418025868ACA002A0202 /* WorkoutCollectionViewCell.swift */ = {isa = PBXFileReference; lastKnownFileType = sourcecode.swift; path = WorkoutCollectionViewCell.swift; sourceTree = "<group>"; };
		9539418325868AD2002A0202 /* WorkoutViewController.swift */ = {isa = PBXFileReference; lastKnownFileType = sourcecode.swift; path = WorkoutViewController.swift; sourceTree = "<group>"; };
		9539418625868F0C002A0202 /* LogWorkoutViewController.swift */ = {isa = PBXFileReference; lastKnownFileType = sourcecode.swift; path = LogWorkoutViewController.swift; sourceTree = "<group>"; };
		95E85B5E2586CCE000B1DD03 /* NetworkManager.swift */ = {isa = PBXFileReference; lastKnownFileType = sourcecode.swift; path = NetworkManager.swift; sourceTree = "<group>"; };
		AAEB26CD2586DB32000DB61E /* Workout.swift */ = {isa = PBXFileReference; lastKnownFileType = sourcecode.swift; path = Workout.swift; sourceTree = "<group>"; };
		D5F0D29F67A6D8859D6B5960 /* Pods_WorkoutApp.framework */ = {isa = PBXFileReference; explicitFileType = wrapper.framework; includeInIndex = 0; path = Pods_WorkoutApp.framework; sourceTree = BUILT_PRODUCTS_DIR; };
		ECDDAFFB2587CD4300F97373 /* ExpandedExercise.swift */ = {isa = PBXFileReference; lastKnownFileType = sourcecode.swift; path = ExpandedExercise.swift; sourceTree = "<group>"; };
		ECDDAFFE2587CD8600F97373 /* WorkoutViewTableViewCell.swift */ = {isa = PBXFileReference; lastKnownFileType = sourcecode.swift; path = WorkoutViewTableViewCell.swift; sourceTree = "<group>"; };
		ECDDB0012587CEE400F97373 /* Assets.xcassets */ = {isa = PBXFileReference; lastKnownFileType = folder.assetcatalog; name = Assets.xcassets; path = "../../../../Update Vers final proj/WorkoutAppIOS/WorkoutApp/WorkoutApp/Assets.xcassets"; sourceTree = "<group>"; };
		FCB332BC1E30130DE68DFB3C /* Pods-WorkoutApp.release.xcconfig */ = {isa = PBXFileReference; includeInIndex = 1; lastKnownFileType = text.xcconfig; name = "Pods-WorkoutApp.release.xcconfig"; path = "Target Support Files/Pods-WorkoutApp/Pods-WorkoutApp.release.xcconfig"; sourceTree = "<group>"; };
/* End PBXFileReference section */

/* Begin PBXFrameworksBuildPhase section */
		9539414125868996002A0202 /* Frameworks */ = {
			isa = PBXFrameworksBuildPhase;
			buildActionMask = 2147483647;
			files = (
				B72324862A6E893DD00CCF44 /* Pods_WorkoutApp.framework in Frameworks */,
			);
			runOnlyForDeploymentPostprocessing = 0;
		};
/* End PBXFrameworksBuildPhase section */

/* Begin PBXGroup section */
		8B73B71EE1467ECD7E21EF72 /* Pods */ = {
			isa = PBXGroup;
			children = (
				8B2D9804C7A4DF8CA8C657C7 /* Pods-WorkoutApp.debug.xcconfig */,
				FCB332BC1E30130DE68DFB3C /* Pods-WorkoutApp.release.xcconfig */,
			);
			path = Pods;
			sourceTree = "<group>";
		};
		9539413B25868996002A0202 = {
			isa = PBXGroup;
			children = (
				9539414625868996002A0202 /* WorkoutApp */,
				9539414525868996002A0202 /* Products */,
				8B73B71EE1467ECD7E21EF72 /* Pods */,
				B04FA171C40D0504C58BB4EE /* Frameworks */,
			);
			sourceTree = "<group>";
		};
		9539414525868996002A0202 /* Products */ = {
			isa = PBXGroup;
			children = (
				9539414425868996002A0202 /* WorkoutApp.app */,
			);
			name = Products;
			sourceTree = "<group>";
		};
		9539414625868996002A0202 /* WorkoutApp */ = {
			isa = PBXGroup;
			children = (
				9539414725868996002A0202 /* AppDelegate.swift */,
				9539414925868996002A0202 /* SceneDelegate.swift */,
				9539414B25868996002A0202 /* ViewController.swift */,
				9539414D25868996002A0202 /* Main.storyboard */,
				ECDDB0012587CEE400F97373 /* Assets.xcassets */,
				9539415225868998002A0202 /* LaunchScreen.storyboard */,
				9539415525868998002A0202 /* Info.plist */,
				9539416225868A49002A0202 /* CalendarViewController.swift */,
				9539416525868A5E002A0202 /* EditExerciseViewController.swift */,
				9539416825868A6E002A0202 /* EditWorkoutController.swift */,
				ECDDAFFB2587CD4300F97373 /* ExpandedExercise.swift */,
				9539416B25868A78002A0202 /* Exercise.swift */,
				9539416E25868A90002A0202 /* ExerciseTableViewCell.swift */,
				9539417125868A99002A0202 /* ExerciseViewController.swift */,
				9539417425868AA3002A0202 /* NewWorkoutCollectionViewCell.swift */,
				9539417725868AAB002A0202 /* NewWorkoutViewController.swift */,
				AAEB26CD2586DB32000DB61E /* Workout.swift */,
				9539417A25868AB3002A0202 /* TabBarController.swift */,
				9539418025868ACA002A0202 /* WorkoutCollectionViewCell.swift */,
				9539418325868AD2002A0202 /* WorkoutViewController.swift */,
				9539418625868F0C002A0202 /* LogWorkoutViewController.swift */,
				95E85B5E2586CCE000B1DD03 /* NetworkManager.swift */,
				ECDDAFFE2587CD8600F97373 /* WorkoutViewTableViewCell.swift */,
			);
			path = WorkoutApp;
			sourceTree = "<group>";
		};
		B04FA171C40D0504C58BB4EE /* Frameworks */ = {
			isa = PBXGroup;
			children = (
				D5F0D29F67A6D8859D6B5960 /* Pods_WorkoutApp.framework */,
			);
			name = Frameworks;
			sourceTree = "<group>";
		};
/* End PBXGroup section */

/* Begin PBXNativeTarget section */
		9539414325868996002A0202 /* WorkoutApp */ = {
			isa = PBXNativeTarget;
			buildConfigurationList = 9539415825868998002A0202 /* Build configuration list for PBXNativeTarget "WorkoutApp" */;
			buildPhases = (
				C21765F3F9D4F057AB3AFB02 /* [CP] Check Pods Manifest.lock */,
				9539414025868996002A0202 /* Sources */,
				9539414125868996002A0202 /* Frameworks */,
				9539414225868996002A0202 /* Resources */,
				35A931C997283072D767B15B /* [CP] Embed Pods Frameworks */,
			);
			buildRules = (
			);
			dependencies = (
			);
			name = WorkoutApp;
			productName = WorkoutApp;
			productReference = 9539414425868996002A0202 /* WorkoutApp.app */;
			productType = "com.apple.product-type.application";
		};
/* End PBXNativeTarget section */

/* Begin PBXProject section */
		9539413C25868996002A0202 /* Project object */ = {
			isa = PBXProject;
			attributes = {
				LastSwiftUpdateCheck = 1200;
				LastUpgradeCheck = 1200;
				TargetAttributes = {
					9539414325868996002A0202 = {
						CreatedOnToolsVersion = 12.0.1;
					};
				};
			};
			buildConfigurationList = 9539413F25868996002A0202 /* Build configuration list for PBXProject "WorkoutApp" */;
			compatibilityVersion = "Xcode 9.3";
			developmentRegion = en;
			hasScannedForEncodings = 0;
			knownRegions = (
				en,
				Base,
			);
			mainGroup = 9539413B25868996002A0202;
			productRefGroup = 9539414525868996002A0202 /* Products */;
			projectDirPath = "";
			projectRoot = "";
			targets = (
				9539414325868996002A0202 /* WorkoutApp */,
			);
		};
/* End PBXProject section */

/* Begin PBXResourcesBuildPhase section */
		9539414225868996002A0202 /* Resources */ = {
			isa = PBXResourcesBuildPhase;
			buildActionMask = 2147483647;
			files = (
				9539415425868998002A0202 /* LaunchScreen.storyboard in Resources */,
				ECDDB0022587CEE400F97373 /* Assets.xcassets in Resources */,
				9539414F25868996002A0202 /* Main.storyboard in Resources */,
			);
			runOnlyForDeploymentPostprocessing = 0;
		};
/* End PBXResourcesBuildPhase section */

/* Begin PBXShellScriptBuildPhase section */
		35A931C997283072D767B15B /* [CP] Embed Pods Frameworks */ = {
			isa = PBXShellScriptBuildPhase;
			buildActionMask = 2147483647;
			files = (
			);
			inputFileListPaths = (
				"${PODS_ROOT}/Target Support Files/Pods-WorkoutApp/Pods-WorkoutApp-frameworks-${CONFIGURATION}-input-files.xcfilelist",
			);
			name = "[CP] Embed Pods Frameworks";
			outputFileListPaths = (
				"${PODS_ROOT}/Target Support Files/Pods-WorkoutApp/Pods-WorkoutApp-frameworks-${CONFIGURATION}-output-files.xcfilelist",
			);
			runOnlyForDeploymentPostprocessing = 0;
			shellPath = /bin/sh;
			shellScript = "\"${PODS_ROOT}/Target Support Files/Pods-WorkoutApp/Pods-WorkoutApp-frameworks.sh\"\n";
			showEnvVarsInLog = 0;
		};
		C21765F3F9D4F057AB3AFB02 /* [CP] Check Pods Manifest.lock */ = {
			isa = PBXShellScriptBuildPhase;
			buildActionMask = 2147483647;
			files = (
			);
			inputFileListPaths = (
			);
			inputPaths = (
				"${PODS_PODFILE_DIR_PATH}/Podfile.lock",
				"${PODS_ROOT}/Manifest.lock",
			);
			name = "[CP] Check Pods Manifest.lock";
			outputFileListPaths = (
			);
			outputPaths = (
				"$(DERIVED_FILE_DIR)/Pods-WorkoutApp-checkManifestLockResult.txt",
			);
			runOnlyForDeploymentPostprocessing = 0;
			shellPath = /bin/sh;
			shellScript = "diff \"${PODS_PODFILE_DIR_PATH}/Podfile.lock\" \"${PODS_ROOT}/Manifest.lock\" > /dev/null\nif [ $? != 0 ] ; then\n    # print error to STDERR\n    echo \"error: The sandbox is not in sync with the Podfile.lock. Run 'pod install' or update your CocoaPods installation.\" >&2\n    exit 1\nfi\n# This output is used by Xcode 'outputs' to avoid re-running this script phase.\necho \"SUCCESS\" > \"${SCRIPT_OUTPUT_FILE_0}\"\n";
			showEnvVarsInLog = 0;
		};
/* End PBXShellScriptBuildPhase section */

/* Begin PBXSourcesBuildPhase section */
		9539414025868996002A0202 /* Sources */ = {
			isa = PBXSourcesBuildPhase;
			buildActionMask = 2147483647;
			files = (
				9539416325868A49002A0202 /* CalendarViewController.swift in Sources */,
				9539416F25868A90002A0202 /* ExerciseTableViewCell.swift in Sources */,
				9539416925868A6E002A0202 /* EditWorkoutController.swift in Sources */,
				9539417525868AA3002A0202 /* NewWorkoutCollectionViewCell.swift in Sources */,
				9539418725868F0C002A0202 /* LogWorkoutViewController.swift in Sources */,
				9539414C25868996002A0202 /* ViewController.swift in Sources */,
				ECDDAFFF2587CD8600F97373 /* WorkoutViewTableViewCell.swift in Sources */,
				ECDDAFFC2587CD4300F97373 /* ExpandedExercise.swift in Sources */,
				9539414825868996002A0202 /* AppDelegate.swift in Sources */,
				9539416625868A5E002A0202 /* EditExerciseViewController.swift in Sources */,
				9539418125868ACA002A0202 /* WorkoutCollectionViewCell.swift in Sources */,
				95E85B5F2586CCE000B1DD03 /* NetworkManager.swift in Sources */,
				9539417825868AAB002A0202 /* NewWorkoutViewController.swift in Sources */,
				9539416C25868A78002A0202 /* Exercise.swift in Sources */,
				9539417B25868AB3002A0202 /* TabBarController.swift in Sources */,
				9539418425868AD2002A0202 /* WorkoutViewController.swift in Sources */,
				9539417225868A99002A0202 /* ExerciseViewController.swift in Sources */,
				AAEB26CE2586DB32000DB61E /* Workout.swift in Sources */,
				9539414A25868996002A0202 /* SceneDelegate.swift in Sources */,
			);
			runOnlyForDeploymentPostprocessing = 0;
		};
/* End PBXSourcesBuildPhase section */

/* Begin PBXVariantGroup section */
		9539414D25868996002A0202 /* Main.storyboard */ = {
			isa = PBXVariantGroup;
			children = (
				9539414E25868996002A0202 /* Base */,
			);
			name = Main.storyboard;
			sourceTree = "<group>";
		};
		9539415225868998002A0202 /* LaunchScreen.storyboard */ = {
			isa = PBXVariantGroup;
			children = (
				9539415325868998002A0202 /* Base */,
			);
			name = LaunchScreen.storyboard;
			sourceTree = "<group>";
		};
/* End PBXVariantGroup section */

/* Begin XCBuildConfiguration section */
		9539415625868998002A0202 /* Debug */ = {
			isa = XCBuildConfiguration;
			buildSettings = {
				ALWAYS_SEARCH_USER_PATHS = NO;
				CLANG_ANALYZER_NONNULL = YES;
				CLANG_ANALYZER_NUMBER_OBJECT_CONVERSION = YES_AGGRESSIVE;
				CLANG_CXX_LANGUAGE_STANDARD = "gnu++14";
				CLANG_CXX_LIBRARY = "libc++";
				CLANG_ENABLE_MODULES = YES;
				CLANG_ENABLE_OBJC_ARC = YES;
				CLANG_ENABLE_OBJC_WEAK = YES;
				CLANG_WARN_BLOCK_CAPTURE_AUTORELEASING = YES;
				CLANG_WARN_BOOL_CONVERSION = YES;
				CLANG_WARN_COMMA = YES;
				CLANG_WARN_CONSTANT_CONVERSION = YES;
				CLANG_WARN_DEPRECATED_OBJC_IMPLEMENTATIONS = YES;
				CLANG_WARN_DIRECT_OBJC_ISA_USAGE = YES_ERROR;
				CLANG_WARN_DOCUMENTATION_COMMENTS = YES;
				CLANG_WARN_EMPTY_BODY = YES;
				CLANG_WARN_ENUM_CONVERSION = YES;
				CLANG_WARN_INFINITE_RECURSION = YES;
				CLANG_WARN_INT_CONVERSION = YES;
				CLANG_WARN_NON_LITERAL_NULL_CONVERSION = YES;
				CLANG_WARN_OBJC_IMPLICIT_RETAIN_SELF = YES;
				CLANG_WARN_OBJC_LITERAL_CONVERSION = YES;
				CLANG_WARN_OBJC_ROOT_CLASS = YES_ERROR;
				CLANG_WARN_QUOTED_INCLUDE_IN_FRAMEWORK_HEADER = YES;
				CLANG_WARN_RANGE_LOOP_ANALYSIS = YES;
				CLANG_WARN_STRICT_PROTOTYPES = YES;
				CLANG_WARN_SUSPICIOUS_MOVE = YES;
				CLANG_WARN_UNGUARDED_AVAILABILITY = YES_AGGRESSIVE;
				CLANG_WARN_UNREACHABLE_CODE = YES;
				CLANG_WARN__DUPLICATE_METHOD_MATCH = YES;
				COPY_PHASE_STRIP = NO;
				DEBUG_INFORMATION_FORMAT = dwarf;
				ENABLE_STRICT_OBJC_MSGSEND = YES;
				ENABLE_TESTABILITY = YES;
				GCC_C_LANGUAGE_STANDARD = gnu11;
				GCC_DYNAMIC_NO_PIC = NO;
				GCC_NO_COMMON_BLOCKS = YES;
				GCC_OPTIMIZATION_LEVEL = 0;
				GCC_PREPROCESSOR_DEFINITIONS = (
					"DEBUG=1",
					"$(inherited)",
				);
				GCC_WARN_64_TO_32_BIT_CONVERSION = YES;
				GCC_WARN_ABOUT_RETURN_TYPE = YES_ERROR;
				GCC_WARN_UNDECLARED_SELECTOR = YES;
				GCC_WARN_UNINITIALIZED_AUTOS = YES_AGGRESSIVE;
				GCC_WARN_UNUSED_FUNCTION = YES;
				GCC_WARN_UNUSED_VARIABLE = YES;
				IPHONEOS_DEPLOYMENT_TARGET = 14.0;
				MTL_ENABLE_DEBUG_INFO = INCLUDE_SOURCE;
				MTL_FAST_MATH = YES;
				ONLY_ACTIVE_ARCH = YES;
				SDKROOT = iphoneos;
				SWIFT_ACTIVE_COMPILATION_CONDITIONS = DEBUG;
				SWIFT_OPTIMIZATION_LEVEL = "-Onone";
			};
			name = Debug;
		};
		9539415725868998002A0202 /* Release */ = {
			isa = XCBuildConfiguration;
			buildSettings = {
				ALWAYS_SEARCH_USER_PATHS = NO;
				CLANG_ANALYZER_NONNULL = YES;
				CLANG_ANALYZER_NUMBER_OBJECT_CONVERSION = YES_AGGRESSIVE;
				CLANG_CXX_LANGUAGE_STANDARD = "gnu++14";
				CLANG_CXX_LIBRARY = "libc++";
				CLANG_ENABLE_MODULES = YES;
				CLANG_ENABLE_OBJC_ARC = YES;
				CLANG_ENABLE_OBJC_WEAK = YES;
				CLANG_WARN_BLOCK_CAPTURE_AUTORELEASING = YES;
				CLANG_WARN_BOOL_CONVERSION = YES;
				CLANG_WARN_COMMA = YES;
				CLANG_WARN_CONSTANT_CONVERSION = YES;
				CLANG_WARN_DEPRECATED_OBJC_IMPLEMENTATIONS = YES;
				CLANG_WARN_DIRECT_OBJC_ISA_USAGE = YES_ERROR;
				CLANG_WARN_DOCUMENTATION_COMMENTS = YES;
				CLANG_WARN_EMPTY_BODY = YES;
				CLANG_WARN_ENUM_CONVERSION = YES;
				CLANG_WARN_INFINITE_RECURSION = YES;
				CLANG_WARN_INT_CONVERSION = YES;
				CLANG_WARN_NON_LITERAL_NULL_CONVERSION = YES;
				CLANG_WARN_OBJC_IMPLICIT_RETAIN_SELF = YES;
				CLANG_WARN_OBJC_LITERAL_CONVERSION = YES;
				CLANG_WARN_OBJC_ROOT_CLASS = YES_ERROR;
				CLANG_WARN_QUOTED_INCLUDE_IN_FRAMEWORK_HEADER = YES;
				CLANG_WARN_RANGE_LOOP_ANALYSIS = YES;
				CLANG_WARN_STRICT_PROTOTYPES = YES;
				CLANG_WARN_SUSPICIOUS_MOVE = YES;
				CLANG_WARN_UNGUARDED_AVAILABILITY = YES_AGGRESSIVE;
				CLANG_WARN_UNREACHABLE_CODE = YES;
				CLANG_WARN__DUPLICATE_METHOD_MATCH = YES;
				COPY_PHASE_STRIP = NO;
				DEBUG_INFORMATION_FORMAT = "dwarf-with-dsym";
				ENABLE_NS_ASSERTIONS = NO;
				ENABLE_STRICT_OBJC_MSGSEND = YES;
				GCC_C_LANGUAGE_STANDARD = gnu11;
				GCC_NO_COMMON_BLOCKS = YES;
				GCC_WARN_64_TO_32_BIT_CONVERSION = YES;
				GCC_WARN_ABOUT_RETURN_TYPE = YES_ERROR;
				GCC_WARN_UNDECLARED_SELECTOR = YES;
				GCC_WARN_UNINITIALIZED_AUTOS = YES_AGGRESSIVE;
				GCC_WARN_UNUSED_FUNCTION = YES;
				GCC_WARN_UNUSED_VARIABLE = YES;
				IPHONEOS_DEPLOYMENT_TARGET = 14.0;
				MTL_ENABLE_DEBUG_INFO = NO;
				MTL_FAST_MATH = YES;
				SDKROOT = iphoneos;
				SWIFT_COMPILATION_MODE = wholemodule;
				SWIFT_OPTIMIZATION_LEVEL = "-O";
				VALIDATE_PRODUCT = YES;
			};
			name = Release;
		};
		9539415925868998002A0202 /* Debug */ = {
			isa = XCBuildConfiguration;
			baseConfigurationReference = 8B2D9804C7A4DF8CA8C657C7 /* Pods-WorkoutApp.debug.xcconfig */;
			buildSettings = {
				ASSETCATALOG_COMPILER_APPICON_NAME = AppIcon;
				ASSETCATALOG_COMPILER_GLOBAL_ACCENT_COLOR_NAME = AccentColor;
				CODE_SIGN_STYLE = Automatic;
				INFOPLIST_FILE = WorkoutApp/Info.plist;
				LD_RUNPATH_SEARCH_PATHS = (
					"$(inherited)",
					"@executable_path/Frameworks",
				);
				PRODUCT_BUNDLE_IDENTIFIER = com.justinhsu.WorkoutApp;
				PRODUCT_NAME = "$(TARGET_NAME)";
				SWIFT_VERSION = 5.0;
				TARGETED_DEVICE_FAMILY = "1,2";
			};
			name = Debug;
		};
		9539415A25868998002A0202 /* Release */ = {
			isa = XCBuildConfiguration;
			baseConfigurationReference = FCB332BC1E30130DE68DFB3C /* Pods-WorkoutApp.release.xcconfig */;
			buildSettings = {
				ASSETCATALOG_COMPILER_APPICON_NAME = AppIcon;
				ASSETCATALOG_COMPILER_GLOBAL_ACCENT_COLOR_NAME = AccentColor;
				CODE_SIGN_STYLE = Automatic;
				INFOPLIST_FILE = WorkoutApp/Info.plist;
				LD_RUNPATH_SEARCH_PATHS = (
					"$(inherited)",
					"@executable_path/Frameworks",
				);
				PRODUCT_BUNDLE_IDENTIFIER = com.justinhsu.WorkoutApp;
				PRODUCT_NAME = "$(TARGET_NAME)";
				SWIFT_VERSION = 5.0;
				TARGETED_DEVICE_FAMILY = "1,2";
			};
			name = Release;
		};
/* End XCBuildConfiguration section */

/* Begin XCConfigurationList section */
		9539413F25868996002A0202 /* Build configuration list for PBXProject "WorkoutApp" */ = {
			isa = XCConfigurationList;
			buildConfigurations = (
				9539415625868998002A0202 /* Debug */,
				9539415725868998002A0202 /* Release */,
			);
			defaultConfigurationIsVisible = 0;
			defaultConfigurationName = Release;
		};
		9539415825868998002A0202 /* Build configuration list for PBXNativeTarget "WorkoutApp" */ = {
			isa = XCConfigurationList;
			buildConfigurations = (
				9539415925868998002A0202 /* Debug */,
				9539415A25868998002A0202 /* Release */,
			);
			defaultConfigurationIsVisible = 0;
			defaultConfigurationName = Release;
		};
/* End XCConfigurationList section */
	};
	rootObject = 9539413C25868996002A0202 /* Project object */;
}
